// !$*UTF8*$!
{
	archiveVersion = 1;
	classes = {
	};
	objectVersion = 48;
	objects = {

/* Begin PBXBuildFile section */
		408344C91FAAD6F000103F84 /* main.swift in Sources */ = {isa = PBXBuildFile; fileRef = 408344C81FAAD6F000103F84 /* main.swift */; };
		408344E11FAAD8DE00103F84 /* Delegate.swift in Sources */ = {isa = PBXBuildFile; fileRef = 408344E01FAAD8DE00103F84 /* Delegate.swift */; };
		408344E21FAAD8DE00103F84 /* Delegate.swift in Sources */ = {isa = PBXBuildFile; fileRef = 408344E01FAAD8DE00103F84 /* Delegate.swift */; };
		408344E51FAADB0300103F84 /* DelegateTests.swift in Sources */ = {isa = PBXBuildFile; fileRef = 408344E41FAADB0300103F84 /* DelegateTests.swift */; };
		408344E81FAAE12D00103F84 /* Extensions.swift in Sources */ = {isa = PBXBuildFile; fileRef = 408344E71FAAE12D00103F84 /* Extensions.swift */; };
		408344E91FAAE12D00103F84 /* Extensions.swift in Sources */ = {isa = PBXBuildFile; fileRef = 408344E71FAAE12D00103F84 /* Extensions.swift */; };
		408344EB1FAAE13C00103F84 /* Protocols.swift in Sources */ = {isa = PBXBuildFile; fileRef = 408344EA1FAAE13C00103F84 /* Protocols.swift */; };
		408344EC1FAAE13C00103F84 /* Protocols.swift in Sources */ = {isa = PBXBuildFile; fileRef = 408344EA1FAAE13C00103F84 /* Protocols.swift */; };
		408344EE1FAAE14800103F84 /* ProtocolExtensions.swift in Sources */ = {isa = PBXBuildFile; fileRef = 408344ED1FAAE14800103F84 /* ProtocolExtensions.swift */; };
		408344EF1FAAE14800103F84 /* ProtocolExtensions.swift in Sources */ = {isa = PBXBuildFile; fileRef = 408344ED1FAAE14800103F84 /* ProtocolExtensions.swift */; };
		408344F21FAAE16700103F84 /* ExtensionsTests.swift in Sources */ = {isa = PBXBuildFile; fileRef = 408344F11FAAE16700103F84 /* ExtensionsTests.swift */; };
		408344F41FAAE17D00103F84 /* ProtocolsTests.swift in Sources */ = {isa = PBXBuildFile; fileRef = 408344F31FAAE17D00103F84 /* ProtocolsTests.swift */; };
		408344F81FAAE41400103F84 /* ProtocolExtensionsTests.swift in Sources */ = {isa = PBXBuildFile; fileRef = 408344F71FAAE41400103F84 /* ProtocolExtensionsTests.swift */; };
		408344FA1FAAEA3E00103F84 /* Singleton.swift in Sources */ = {isa = PBXBuildFile; fileRef = 408344F91FAAEA3E00103F84 /* Singleton.swift */; };
		408344FB1FAAEA3E00103F84 /* Singleton.swift in Sources */ = {isa = PBXBuildFile; fileRef = 408344F91FAAEA3E00103F84 /* Singleton.swift */; };
		408345001FAAEAB100103F84 /* SingletonTests.swift in Sources */ = {isa = PBXBuildFile; fileRef = 408344FF1FAAEAB100103F84 /* SingletonTests.swift */; };
/* End PBXBuildFile section */

/* Begin PBXCopyFilesBuildPhase section */
		408344C31FAAD6F000103F84 /* CopyFiles */ = {
			isa = PBXCopyFilesBuildPhase;
			buildActionMask = 2147483647;
			dstPath = /usr/share/man/man1/;
			dstSubfolderSpec = 0;
			files = (
			);
			runOnlyForDeploymentPostprocessing = 1;
		};
/* End PBXCopyFilesBuildPhase section */

/* Begin PBXFileReference section */
		408344C51FAAD6F000103F84 /* swift-protocol-oriented-programming */ = {isa = PBXFileReference; explicitFileType = "compiled.mach-o.executable"; includeInIndex = 0; path = "swift-protocol-oriented-programming"; sourceTree = BUILT_PRODUCTS_DIR; };
		408344C81FAAD6F000103F84 /* main.swift */ = {isa = PBXFileReference; lastKnownFileType = sourcecode.swift; path = main.swift; sourceTree = "<group>"; };
		408344D31FAAD73B00103F84 /* unit-tests.xctest */ = {isa = PBXFileReference; explicitFileType = wrapper.cfbundle; includeInIndex = 0; path = "unit-tests.xctest"; sourceTree = BUILT_PRODUCTS_DIR; };
		408344D71FAAD73B00103F84 /* Info.plist */ = {isa = PBXFileReference; lastKnownFileType = text.plist.xml; path = Info.plist; sourceTree = "<group>"; };
		408344E01FAAD8DE00103F84 /* Delegate.swift */ = {isa = PBXFileReference; lastKnownFileType = sourcecode.swift; path = Delegate.swift; sourceTree = "<group>"; };
		408344E41FAADB0300103F84 /* DelegateTests.swift */ = {isa = PBXFileReference; lastKnownFileType = sourcecode.swift; path = DelegateTests.swift; sourceTree = "<group>"; };
		408344E71FAAE12D00103F84 /* Extensions.swift */ = {isa = PBXFileReference; lastKnownFileType = sourcecode.swift; path = Extensions.swift; sourceTree = "<group>"; };
		408344EA1FAAE13C00103F84 /* Protocols.swift */ = {isa = PBXFileReference; lastKnownFileType = sourcecode.swift; path = Protocols.swift; sourceTree = "<group>"; };
		408344ED1FAAE14800103F84 /* ProtocolExtensions.swift */ = {isa = PBXFileReference; lastKnownFileType = sourcecode.swift; path = ProtocolExtensions.swift; sourceTree = "<group>"; };
		408344F11FAAE16700103F84 /* ExtensionsTests.swift */ = {isa = PBXFileReference; lastKnownFileType = sourcecode.swift; path = ExtensionsTests.swift; sourceTree = "<group>"; };
		408344F31FAAE17D00103F84 /* ProtocolsTests.swift */ = {isa = PBXFileReference; lastKnownFileType = sourcecode.swift; path = ProtocolsTests.swift; sourceTree = "<group>"; };
		408344F71FAAE41400103F84 /* ProtocolExtensionsTests.swift */ = {isa = PBXFileReference; lastKnownFileType = sourcecode.swift; path = ProtocolExtensionsTests.swift; sourceTree = "<group>"; };
		408344F91FAAEA3E00103F84 /* Singleton.swift */ = {isa = PBXFileReference; lastKnownFileType = sourcecode.swift; path = Singleton.swift; sourceTree = "<group>"; };
		408344FF1FAAEAB100103F84 /* SingletonTests.swift */ = {isa = PBXFileReference; lastKnownFileType = sourcecode.swift; path = SingletonTests.swift; sourceTree = "<group>"; };
/* End PBXFileReference section */

/* Begin PBXFrameworksBuildPhase section */
		408344C21FAAD6F000103F84 /* Frameworks */ = {
			isa = PBXFrameworksBuildPhase;
			buildActionMask = 2147483647;
			files = (
			);
			runOnlyForDeploymentPostprocessing = 0;
		};
		408344D01FAAD73B00103F84 /* Frameworks */ = {
			isa = PBXFrameworksBuildPhase;
			buildActionMask = 2147483647;
			files = (
			);
			runOnlyForDeploymentPostprocessing = 0;
		};
/* End PBXFrameworksBuildPhase section */

/* Begin PBXGroup section */
		408344BC1FAAD6F000103F84 = {
			isa = PBXGroup;
			children = (
				408344C71FAAD6F000103F84 /* swift-protocol-oriented-programming */,
				408344D41FAAD73B00103F84 /* unit-tests */,
				408344C61FAAD6F000103F84 /* Products */,
			);
			sourceTree = "<group>";
		};
		408344C61FAAD6F000103F84 /* Products */ = {
			isa = PBXGroup;
			children = (
				408344C51FAAD6F000103F84 /* swift-protocol-oriented-programming */,
				408344D31FAAD73B00103F84 /* unit-tests.xctest */,
			);
			name = Products;
			sourceTree = "<group>";
		};
		408344C71FAAD6F000103F84 /* swift-protocol-oriented-programming */ = {
			isa = PBXGroup;
			children = (
				408344DC1FAAD75A00103F84 /* Design-Patterns */,
				408344E61FAAE11700103F84 /* Language-Features */,
				408344DB1FAAD75000103F84 /* Models */,
				408344C81FAAD6F000103F84 /* main.swift */,
			);
			path = "swift-protocol-oriented-programming";
			sourceTree = "<group>";
		};
		408344D41FAAD73B00103F84 /* unit-tests */ = {
			isa = PBXGroup;
			children = (
				408344E31FAADAE700103F84 /* Design-Patterns */,
				408344F01FAAE14E00103F84 /* Language-Features */,
				408344D71FAAD73B00103F84 /* Info.plist */,
			);
			path = "unit-tests";
			sourceTree = "<group>";
		};
		408344DB1FAAD75000103F84 /* Models */ = {
			isa = PBXGroup;
			children = (
			);
			path = Models;
			sourceTree = "<group>";
		};
		408344DC1FAAD75A00103F84 /* Design-Patterns */ = {
			isa = PBXGroup;
			children = (
				408344E01FAAD8DE00103F84 /* Delegate.swift */,
				408344F91FAAEA3E00103F84 /* Singleton.swift */,
			);
			path = "Design-Patterns";
			sourceTree = "<group>";
		};
		408344E31FAADAE700103F84 /* Design-Patterns */ = {
			isa = PBXGroup;
			children = (
				408344E41FAADB0300103F84 /* DelegateTests.swift */,
				408344FF1FAAEAB100103F84 /* SingletonTests.swift */,
			);
			path = "Design-Patterns";
			sourceTree = "<group>";
		};
		408344E61FAAE11700103F84 /* Language-Features */ = {
			isa = PBXGroup;
			children = (
				408344E71FAAE12D00103F84 /* Extensions.swift */,
				408344EA1FAAE13C00103F84 /* Protocols.swift */,
				408344ED1FAAE14800103F84 /* ProtocolExtensions.swift */,
			);
			path = "Language-Features";
			sourceTree = "<group>";
		};
		408344F01FAAE14E00103F84 /* Language-Features */ = {
			isa = PBXGroup;
			children = (
				408344F11FAAE16700103F84 /* ExtensionsTests.swift */,
				408344F31FAAE17D00103F84 /* ProtocolsTests.swift */,
				408344F71FAAE41400103F84 /* ProtocolExtensionsTests.swift */,
			);
			path = "Language-Features";
			sourceTree = "<group>";
		};
/* End PBXGroup section */

/* Begin PBXNativeTarget section */
		408344C41FAAD6F000103F84 /* swift-protocol-oriented-programming */ = {
			isa = PBXNativeTarget;
			buildConfigurationList = 408344CC1FAAD6F000103F84 /* Build configuration list for PBXNativeTarget "swift-protocol-oriented-programming" */;
			buildPhases = (
				408344C11FAAD6F000103F84 /* Sources */,
				408344C21FAAD6F000103F84 /* Frameworks */,
				408344C31FAAD6F000103F84 /* CopyFiles */,
			);
			buildRules = (
			);
			dependencies = (
			);
			name = "swift-protocol-oriented-programming";
			productName = "swift-protocol-oriented-programming";
			productReference = 408344C51FAAD6F000103F84 /* swift-protocol-oriented-programming */;
			productType = "com.apple.product-type.tool";
		};
		408344D21FAAD73B00103F84 /* unit-tests */ = {
			isa = PBXNativeTarget;
			buildConfigurationList = 408344D81FAAD73B00103F84 /* Build configuration list for PBXNativeTarget "unit-tests" */;
			buildPhases = (
				408344CF1FAAD73B00103F84 /* Sources */,
				408344D01FAAD73B00103F84 /* Frameworks */,
				408344D11FAAD73B00103F84 /* Resources */,
			);
			buildRules = (
			);
			dependencies = (
			);
			name = "unit-tests";
			productName = "unit-tests";
			productReference = 408344D31FAAD73B00103F84 /* unit-tests.xctest */;
			productType = "com.apple.product-type.bundle.unit-test";
		};
/* End PBXNativeTarget section */

/* Begin PBXProject section */
		408344BD1FAAD6F000103F84 /* Project object */ = {
			isa = PBXProject;
			attributes = {
				LastSwiftUpdateCheck = 0900;
				LastUpgradeCheck = 0900;
				ORGANIZATIONNAME = "No Name Software";
				TargetAttributes = {
					408344C41FAAD6F000103F84 = {
						CreatedOnToolsVersion = 9.0.1;
						ProvisioningStyle = Automatic;
					};
					408344D21FAAD73B00103F84 = {
						CreatedOnToolsVersion = 9.0.1;
						ProvisioningStyle = Automatic;
					};
				};
			};
			buildConfigurationList = 408344C01FAAD6F000103F84 /* Build configuration list for PBXProject "swift-protocol-oriented-programming" */;
			compatibilityVersion = "Xcode 8.0";
			developmentRegion = en;
			hasScannedForEncodings = 0;
			knownRegions = (
				en,
			);
			mainGroup = 408344BC1FAAD6F000103F84;
			productRefGroup = 408344C61FAAD6F000103F84 /* Products */;
			projectDirPath = "";
			projectRoot = "";
			targets = (
				408344C41FAAD6F000103F84 /* swift-protocol-oriented-programming */,
				408344D21FAAD73B00103F84 /* unit-tests */,
			);
		};
/* End PBXProject section */

/* Begin PBXResourcesBuildPhase section */
		408344D11FAAD73B00103F84 /* Resources */ = {
			isa = PBXResourcesBuildPhase;
			buildActionMask = 2147483647;
			files = (
			);
			runOnlyForDeploymentPostprocessing = 0;
		};
/* End PBXResourcesBuildPhase section */

/* Begin PBXSourcesBuildPhase section */
		408344C11FAAD6F000103F84 /* Sources */ = {
			isa = PBXSourcesBuildPhase;
			buildActionMask = 2147483647;
			files = (
				408344E11FAAD8DE00103F84 /* Delegate.swift in Sources */,
				408344FA1FAAEA3E00103F84 /* Singleton.swift in Sources */,
				408344EE1FAAE14800103F84 /* ProtocolExtensions.swift in Sources */,
				408344E81FAAE12D00103F84 /* Extensions.swift in Sources */,
				408344C91FAAD6F000103F84 /* main.swift in Sources */,
				408344EB1FAAE13C00103F84 /* Protocols.swift in Sources */,
			);
			runOnlyForDeploymentPostprocessing = 0;
		};
		408344CF1FAAD73B00103F84 /* Sources */ = {
			isa = PBXSourcesBuildPhase;
			buildActionMask = 2147483647;
			files = (
				408344E51FAADB0300103F84 /* DelegateTests.swift in Sources */,
				408344FB1FAAEA3E00103F84 /* Singleton.swift in Sources */,
				408344F41FAAE17D00103F84 /* ProtocolsTests.swift in Sources */,
				408344F21FAAE16700103F84 /* ExtensionsTests.swift in Sources */,
				408344EF1FAAE14800103F84 /* ProtocolExtensions.swift in Sources */,
				408344E91FAAE12D00103F84 /* Extensions.swift in Sources */,
				408344F81FAAE41400103F84 /* ProtocolExtensionsTests.swift in Sources */,
				408345001FAAEAB100103F84 /* SingletonTests.swift in Sources */,
				408344E21FAAD8DE00103F84 /* Delegate.swift in Sources */,
				408344EC1FAAE13C00103F84 /* Protocols.swift in Sources */,
			);
			runOnlyForDeploymentPostprocessing = 0;
		};
/* End PBXSourcesBuildPhase section */

/* Begin XCBuildConfiguration section */
		408344CA1FAAD6F000103F84 /* Debug */ = {
			isa = XCBuildConfiguration;
			buildSettings = {
				ALWAYS_SEARCH_USER_PATHS = NO;
				CLANG_ANALYZER_NONNULL = YES;
				CLANG_ANALYZER_NUMBER_OBJECT_CONVERSION = YES_AGGRESSIVE;
				CLANG_CXX_LANGUAGE_STANDARD = "gnu++14";
				CLANG_CXX_LIBRARY = "libc++";
				CLANG_ENABLE_MODULES = YES;
				CLANG_ENABLE_OBJC_ARC = YES;
				CLANG_WARN_BLOCK_CAPTURE_AUTORELEASING = YES;
				CLANG_WARN_BOOL_CONVERSION = YES;
				CLANG_WARN_COMMA = YES;
				CLANG_WARN_CONSTANT_CONVERSION = YES;
				CLANG_WARN_DIRECT_OBJC_ISA_USAGE = YES_ERROR;
				CLANG_WARN_DOCUMENTATION_COMMENTS = YES;
				CLANG_WARN_EMPTY_BODY = YES;
				CLANG_WARN_ENUM_CONVERSION = YES;
				CLANG_WARN_INFINITE_RECURSION = YES;
				CLANG_WARN_INT_CONVERSION = YES;
				CLANG_WARN_NON_LITERAL_NULL_CONVERSION = YES;
				CLANG_WARN_OBJC_LITERAL_CONVERSION = YES;
				CLANG_WARN_OBJC_ROOT_CLASS = YES_ERROR;
				CLANG_WARN_RANGE_LOOP_ANALYSIS = YES;
				CLANG_WARN_STRICT_PROTOTYPES = YES;
				CLANG_WARN_SUSPICIOUS_MOVE = YES;
				CLANG_WARN_UNGUARDED_AVAILABILITY = YES_AGGRESSIVE;
				CLANG_WARN_UNREACHABLE_CODE = YES;
				CLANG_WARN__DUPLICATE_METHOD_MATCH = YES;
				CODE_SIGN_IDENTITY = "Mac Developer";
				COPY_PHASE_STRIP = NO;
				DEBUG_INFORMATION_FORMAT = dwarf;
				ENABLE_STRICT_OBJC_MSGSEND = YES;
				ENABLE_TESTABILITY = YES;
				GCC_C_LANGUAGE_STANDARD = gnu11;
				GCC_DYNAMIC_NO_PIC = NO;
				GCC_NO_COMMON_BLOCKS = YES;
				GCC_OPTIMIZATION_LEVEL = 0;
				GCC_PREPROCESSOR_DEFINITIONS = (
					"DEBUG=1",
					"$(inherited)",
				);
				GCC_WARN_64_TO_32_BIT_CONVERSION = YES;
				GCC_WARN_ABOUT_RETURN_TYPE = YES_ERROR;
				GCC_WARN_UNDECLARED_SELECTOR = YES;
				GCC_WARN_UNINITIALIZED_AUTOS = YES_AGGRESSIVE;
				GCC_WARN_UNUSED_FUNCTION = YES;
				GCC_WARN_UNUSED_VARIABLE = YES;
				MACOSX_DEPLOYMENT_TARGET = 10.12;
				MTL_ENABLE_DEBUG_INFO = YES;
				ONLY_ACTIVE_ARCH = YES;
				SDKROOT = macosx;
				SWIFT_ACTIVE_COMPILATION_CONDITIONS = DEBUG;
				SWIFT_OPTIMIZATION_LEVEL = "-Onone";
			};
			name = Debug;
		};
		408344CB1FAAD6F000103F84 /* Release */ = {
			isa = XCBuildConfiguration;
			buildSettings = {
				ALWAYS_SEARCH_USER_PATHS = NO;
				CLANG_ANALYZER_NONNULL = YES;
				CLANG_ANALYZER_NUMBER_OBJECT_CONVERSION = YES_AGGRESSIVE;
				CLANG_CXX_LANGUAGE_STANDARD = "gnu++14";
				CLANG_CXX_LIBRARY = "libc++";
				CLANG_ENABLE_MODULES = YES;
				CLANG_ENABLE_OBJC_ARC = YES;
				CLANG_WARN_BLOCK_CAPTURE_AUTORELEASING = YES;
				CLANG_WARN_BOOL_CONVERSION = YES;
				CLANG_WARN_COMMA = YES;
				CLANG_WARN_CONSTANT_CONVERSION = YES;
				CLANG_WARN_DIRECT_OBJC_ISA_USAGE = YES_ERROR;
				CLANG_WARN_DOCUMENTATION_COMMENTS = YES;
				CLANG_WARN_EMPTY_BODY = YES;
				CLANG_WARN_ENUM_CONVERSION = YES;
				CLANG_WARN_INFINITE_RECURSION = YES;
				CLANG_WARN_INT_CONVERSION = YES;
				CLANG_WARN_NON_LITERAL_NULL_CONVERSION = YES;
				CLANG_WARN_OBJC_LITERAL_CONVERSION = YES;
				CLANG_WARN_OBJC_ROOT_CLASS = YES_ERROR;
				CLANG_WARN_RANGE_LOOP_ANALYSIS = YES;
				CLANG_WARN_STRICT_PROTOTYPES = YES;
				CLANG_WARN_SUSPICIOUS_MOVE = YES;
				CLANG_WARN_UNGUARDED_AVAILABILITY = YES_AGGRESSIVE;
				CLANG_WARN_UNREACHABLE_CODE = YES;
				CLANG_WARN__DUPLICATE_METHOD_MATCH = YES;
				CODE_SIGN_IDENTITY = "Mac Developer";
				COPY_PHASE_STRIP = NO;
				DEBUG_INFORMATION_FORMAT = "dwarf-with-dsym";
				ENABLE_NS_ASSERTIONS = NO;
				ENABLE_STRICT_OBJC_MSGSEND = YES;
				GCC_C_LANGUAGE_STANDARD = gnu11;
				GCC_NO_COMMON_BLOCKS = YES;
				GCC_WARN_64_TO_32_BIT_CONVERSION = YES;
				GCC_WARN_ABOUT_RETURN_TYPE = YES_ERROR;
				GCC_WARN_UNDECLARED_SELECTOR = YES;
				GCC_WARN_UNINITIALIZED_AUTOS = YES_AGGRESSIVE;
				GCC_WARN_UNUSED_FUNCTION = YES;
				GCC_WARN_UNUSED_VARIABLE = YES;
				MACOSX_DEPLOYMENT_TARGET = 10.12;
				MTL_ENABLE_DEBUG_INFO = NO;
				SDKROOT = macosx;
				SWIFT_OPTIMIZATION_LEVEL = "-Owholemodule";
			};
			name = Release;
		};
		408344CD1FAAD6F000103F84 /* Debug */ = {
			isa = XCBuildConfiguration;
			buildSettings = {
				CODE_SIGN_STYLE = Automatic;
				DEVELOPMENT_TEAM = 92P37DJX69;
				PRODUCT_NAME = "$(TARGET_NAME)";
				SWIFT_VERSION = 4.0;
			};
			name = Debug;
		};
		408344CE1FAAD6F000103F84 /* Release */ = {
			isa = XCBuildConfiguration;
			buildSettings = {
				CODE_SIGN_STYLE = Automatic;
				DEVELOPMENT_TEAM = 92P37DJX69;
				PRODUCT_NAME = "$(TARGET_NAME)";
				SWIFT_VERSION = 4.0;
			};
			name = Release;
		};
		408344D91FAAD73B00103F84 /* Debug */ = {
			isa = XCBuildConfiguration;
			buildSettings = {
				CODE_SIGN_STYLE = Automatic;
				COMBINE_HIDPI_IMAGES = YES;
				DEVELOPMENT_TEAM = 92P37DJX69;
				INFOPLIST_FILE = "unit-tests/Info.plist";
				LD_RUNPATH_SEARCH_PATHS = "$(inherited) @executable_path/../Frameworks @loader_path/../Frameworks";
				PRODUCT_BUNDLE_IDENTIFIER = "com.nns.unit-tests";
				PRODUCT_NAME = "$(TARGET_NAME)";
				SWIFT_VERSION = 4.0;
			};
			name = Debug;
		};
		408344DA1FAAD73B00103F84 /* Release */ = {
			isa = XCBuildConfiguration;
			buildSettings = {
				CODE_SIGN_STYLE = Automatic;
				COMBINE_HIDPI_IMAGES = YES;
				DEVELOPMENT_TEAM = 92P37DJX69;
				INFOPLIST_FILE = "unit-tests/Info.plist";
				LD_RUNPATH_SEARCH_PATHS = "$(inherited) @executable_path/../Frameworks @loader_path/../Frameworks";
				PRODUCT_BUNDLE_IDENTIFIER = "com.nns.unit-tests";
				PRODUCT_NAME = "$(TARGET_NAME)";
				SWIFT_VERSION = 4.0;
			};
			name = Release;
		};
/* End XCBuildConfiguration section */

/* Begin XCConfigurationList section */
		408344C01FAAD6F000103F84 /* Build configuration list for PBXProject "swift-protocol-oriented-programming" */ = {
			isa = XCConfigurationList;
			buildConfigurations = (
				408344CA1FAAD6F000103F84 /* Debug */,
				408344CB1FAAD6F000103F84 /* Release */,
			);
			defaultConfigurationIsVisible = 0;
			defaultConfigurationName = Release;
		};
		408344CC1FAAD6F000103F84 /* Build configuration list for PBXNativeTarget "swift-protocol-oriented-programming" */ = {
			isa = XCConfigurationList;
			buildConfigurations = (
				408344CD1FAAD6F000103F84 /* Debug */,
				408344CE1FAAD6F000103F84 /* Release */,
			);
			defaultConfigurationIsVisible = 0;
			defaultConfigurationName = Release;
		};
		408344D81FAAD73B00103F84 /* Build configuration list for PBXNativeTarget "unit-tests" */ = {
			isa = XCConfigurationList;
			buildConfigurations = (
				408344D91FAAD73B00103F84 /* Debug */,
				408344DA1FAAD73B00103F84 /* Release */,
			);
			defaultConfigurationIsVisible = 0;
			defaultConfigurationName = Release;
		};
/* End XCConfigurationList section */
	};
	rootObject = 408344BD1FAAD6F000103F84 /* Project object */;
}
